
Microsoft Visual Studio Solution File, Format Version 12.00
# Visual Studio Version 17
VisualStudioVersion = 17.13.35818.85 d17.13
MinimumVisualStudioVersion = 10.0.40219.1
Project("{FAE04EC0-301F-11D3-BF4B-00C04F79EFBC}") = "modul9_2211104015", "modul9_2211104015.csproj", "{110D3082-9BDC-44FE-A490-619F0A339694}"
EndProject
Global
	GlobalSection(SolutionConfigurationPlatforms) = preSolution
		Debug|Any CPU = Debug|Any CPU
		Release|Any CPU = Release|Any CPU
	EndGlobalSection
	GlobalSection(ProjectConfigurationPlatforms) = postSolution
		{110D3082-9BDC-44FE-A490-619F0A339694}.Debug|Any CPU.ActiveCfg = Debug|Any CPU
		{110D3082-9BDC-44FE-A490-619F0A339694}.Debug|Any CPU.Build.0 = Debug|Any CPU
		{110D3082-9BDC-44FE-A490-619F0A339694}.Release|Any CPU.ActiveCfg = Release|Any CPU
		{110D3082-9BDC-44FE-A490-619F0A339694}.Release|Any CPU.Build.0 = Release|Any CPU
	EndGlobalSection
	GlobalSection(SolutionProperties) = preSolution
		HideSolutionNode = FALSE
	EndGlobalSection
	GlobalSection(ExtensibilityGlobals) = postSolution
		SolutionGuid = {C0ADDC58-D0F2-4387-8077-349943DB04E3}
	EndGlobalSection
EndGlobal
